
Microsoft Visual Studio Solution File, Format Version 12.00
# Visual Studio Express 2012 for Windows Desktop
Project("{FAE04EC0-301F-11D3-BF4B-00C04F79EFBC}") = "prjWaitForProcessStart", "prjWaitForProcessStart\prjWaitForProcessStart.csproj", "{10FC0138-C123-4889-B548-D183C9C48C6D}"
EndProject
Global
	GlobalSection(SolutionConfigurationPlatforms) = preSolution
		Debug|Any CPU = Debug|Any CPU
		Release|Any CPU = Release|Any CPU
	EndGlobalSection
	GlobalSection(ProjectConfigurationPlatforms) = postSolution
		{10FC0138-C123-4889-B548-D183C9C48C6D}.Debug|Any CPU.ActiveCfg = Debug|Any CPU
		{10FC0138-C123-4889-B548-D183C9C48C6D}.Debug|Any CPU.Build.0 = Debug|Any CPU
		{10FC0138-C123-4889-B548-D183C9C48C6D}.Release|Any CPU.ActiveCfg = Release|Any CPU
		{10FC0138-C123-4889-B548-D183C9C48C6D}.Release|Any CPU.Build.0 = Release|Any CPU
	EndGlobalSection
	GlobalSection(SolutionProperties) = preSolution
		HideSolutionNode = FALSE
	EndGlobalSection
EndGlobal
